
Microsoft Visual Studio Solution File, Format Version 12.00
# Visual Studio Version 17
VisualStudioVersion = 17.0.32112.339
MinimumVisualStudioVersion = 10.0.40219.1
Project("{9A19103F-16F7-4668-BE54-9A1E7A4F7556}") = "Sol.Carrinhodecompra", "Sol.Carrinhodecompra\Sol.Carrinhodecompra.csproj", "{B570231D-7E88-4450-942C-DAF9F46C71BA}"
EndProject
Project("{FAE04EC0-301F-11D3-BF4B-00C04F79EFBC}") = "Projeto.Test", "Projeto.Test\Projeto.Test.csproj", "{D5D93665-3C9B-48AD-8A96-9A1BF12A0A9F}"
EndProject
Global
	GlobalSection(SolutionConfigurationPlatforms) = preSolution
		Debug|Any CPU = Debug|Any CPU
		Release|Any CPU = Release|Any CPU
	EndGlobalSection
	GlobalSection(ProjectConfigurationPlatforms) = postSolution
		{B570231D-7E88-4450-942C-DAF9F46C71BA}.Debug|Any CPU.ActiveCfg = Debug|Any CPU
		{B570231D-7E88-4450-942C-DAF9F46C71BA}.Debug|Any CPU.Build.0 = Debug|Any CPU
		{B570231D-7E88-4450-942C-DAF9F46C71BA}.Release|Any CPU.ActiveCfg = Release|Any CPU
		{B570231D-7E88-4450-942C-DAF9F46C71BA}.Release|Any CPU.Build.0 = Release|Any CPU
		{D5D93665-3C9B-48AD-8A96-9A1BF12A0A9F}.Debug|Any CPU.ActiveCfg = Debug|Any CPU
		{D5D93665-3C9B-48AD-8A96-9A1BF12A0A9F}.Debug|Any CPU.Build.0 = Debug|Any CPU
		{D5D93665-3C9B-48AD-8A96-9A1BF12A0A9F}.Release|Any CPU.ActiveCfg = Release|Any CPU
		{D5D93665-3C9B-48AD-8A96-9A1BF12A0A9F}.Release|Any CPU.Build.0 = Release|Any CPU
	EndGlobalSection
	GlobalSection(SolutionProperties) = preSolution
		HideSolutionNode = FALSE
	EndGlobalSection
	GlobalSection(ExtensibilityGlobals) = postSolution
		SolutionGuid = {702BF74D-BDA5-4AD5-9EE3-F92C6D76DA71}
	EndGlobalSection
EndGlobal
